// !$*UTF8*$!
{
	archiveVersion = 1;
	classes = {
	};
	objectVersion = 51;
	objects = {

/* Begin PBXBuildFile section */
		4B21943B25CF17CB0040309D /* RoundedButton.swift in Sources */ = {isa = PBXBuildFile; fileRef = 4B21943A25CF17CB0040309D /* RoundedButton.swift */; };
		4B2339792583BFAB00189E66 /* MainViewController.swift in Sources */ = {isa = PBXBuildFile; fileRef = 4B2339782583BFAB00189E66 /* MainViewController.swift */; };
		4B23397C2583C47700189E66 /* MenuManager.swift in Sources */ = {isa = PBXBuildFile; fileRef = 4B23397B2583C47700189E66 /* MenuManager.swift */; };
		4B23397F2583DA5D00189E66 /* BaseCell.xib in Resources */ = {isa = PBXBuildFile; fileRef = 4B23397E2583DA5D00189E66 /* BaseCell.xib */; };
		4B2339822583E08100189E66 /* BaseViewCell.swift in Sources */ = {isa = PBXBuildFile; fileRef = 4B2339812583E08100189E66 /* BaseViewCell.swift */; };
		4B23398C2583EAFC00189E66 /* images.xcassets in Resources */ = {isa = PBXBuildFile; fileRef = 4B23398B2583EAFC00189E66 /* images.xcassets */; };
		4B2339992583F04900189E66 /* SHSLogo.png in Resources */ = {isa = PBXBuildFile; fileRef = 4B2339982583F04900189E66 /* SHSLogo.png */; };
		4B23399C2584046D00189E66 /* CircularImageView.swift in Sources */ = {isa = PBXBuildFile; fileRef = 4B23399B2584046C00189E66 /* CircularImageView.swift */; };
		4B4DB1AC2582606300AA44B2 /* AppDelegate.swift in Sources */ = {isa = PBXBuildFile; fileRef = 4B4DB1AB2582606300AA44B2 /* AppDelegate.swift */; };
		4B4DB1AE2582606300AA44B2 /* SceneDelegate.swift in Sources */ = {isa = PBXBuildFile; fileRef = 4B4DB1AD2582606300AA44B2 /* SceneDelegate.swift */; };
		4B4DB1B02582606300AA44B2 /* ViewController.swift in Sources */ = {isa = PBXBuildFile; fileRef = 4B4DB1AF2582606300AA44B2 /* ViewController.swift */; };
		4B4DB1B32582606300AA44B2 /* Main.storyboard in Resources */ = {isa = PBXBuildFile; fileRef = 4B4DB1B12582606300AA44B2 /* Main.storyboard */; };
		4B4DB1B52582606500AA44B2 /* Assets.xcassets in Resources */ = {isa = PBXBuildFile; fileRef = 4B4DB1B42582606500AA44B2 /* Assets.xcassets */; };
		4B4DB1B82582606500AA44B2 /* LaunchScreen.storyboard in Resources */ = {isa = PBXBuildFile; fileRef = 4B4DB1B62582606500AA44B2 /* LaunchScreen.storyboard */; };
		4B4DB1C22582681E00AA44B2 /* ArticleCell.swift in Sources */ = {isa = PBXBuildFile; fileRef = 4B4DB1C12582681E00AA44B2 /* ArticleCell.swift */; };
		4B4DB1C5258268F900AA44B2 /* Article.swift in Sources */ = {isa = PBXBuildFile; fileRef = 4B4DB1C4258268F900AA44B2 /* Article.swift */; };
		4B4DB1D5258276C200AA44B2 /* ArticlesTableViewController.swift in Sources */ = {isa = PBXBuildFile; fileRef = 4B4DB1D4258276C200AA44B2 /* ArticlesTableViewController.swift */; };
		4B4DB1E225827BEE00AA44B2 /* RssXMLParser.m in Sources */ = {isa = PBXBuildFile; fileRef = 4B4DB1E125827BEE00AA44B2 /* RssXMLParser.m */; };
		4BBECF742582B31D000FA684 /* ArticleViewController.swift in Sources */ = {isa = PBXBuildFile; fileRef = 4BBECF732582B31D000FA684 /* ArticleViewController.swift */; };
		4BFEAFF92584859200D9F2B2 /* SpinnerViewController.swift in Sources */ = {isa = PBXBuildFile; fileRef = 4BFEAFF82584859200D9F2B2 /* SpinnerViewController.swift */; };
		4BFEAFFD2585A45E00D9F2B2 /* cupertino_activity_indicator_large.gif in Resources */ = {isa = PBXBuildFile; fileRef = 4BFEAFFC2585A45E00D9F2B2 /* cupertino_activity_indicator_large.gif */; };
		64DEF35CE796959C3409B9E6 /* Pods_Sharon_Talon.framework in Frameworks */ = {isa = PBXBuildFile; fileRef = 639FF328B7B4E7901F93DCA4 /* Pods_Sharon_Talon.framework */; };
/* End PBXBuildFile section */

/* Begin PBXFileReference section */
		222B3ABAAC803BD65B98501D /* Pods-Sharon Talon.debug.xcconfig */ = {isa = PBXFileReference; includeInIndex = 1; lastKnownFileType = text.xcconfig; name = "Pods-Sharon Talon.debug.xcconfig"; path = "Target Support Files/Pods-Sharon Talon/Pods-Sharon Talon.debug.xcconfig"; sourceTree = "<group>"; };
		4B21943A25CF17CB0040309D /* RoundedButton.swift */ = {isa = PBXFileReference; lastKnownFileType = sourcecode.swift; path = RoundedButton.swift; sourceTree = "<group>"; };
		4B2339782583BFAB00189E66 /* MainViewController.swift */ = {isa = PBXFileReference; lastKnownFileType = sourcecode.swift; path = MainViewController.swift; sourceTree = "<group>"; };
		4B23397B2583C47700189E66 /* MenuManager.swift */ = {isa = PBXFileReference; lastKnownFileType = sourcecode.swift; path = MenuManager.swift; sourceTree = "<group>"; };
		4B23397E2583DA5D00189E66 /* BaseCell.xib */ = {isa = PBXFileReference; lastKnownFileType = file.xib; path = BaseCell.xib; sourceTree = "<group>"; };
		4B2339812583E08100189E66 /* BaseViewCell.swift */ = {isa = PBXFileReference; lastKnownFileType = sourcecode.swift; path = BaseViewCell.swift; sourceTree = "<group>"; };
		4B23398B2583EAFC00189E66 /* images.xcassets */ = {isa = PBXFileReference; lastKnownFileType = folder.assetcatalog; path = images.xcassets; sourceTree = "<group>"; };
		4B2339982583F04900189E66 /* SHSLogo.png */ = {isa = PBXFileReference; lastKnownFileType = image.png; path = SHSLogo.png; sourceTree = "<group>"; };
		4B23399B2584046C00189E66 /* CircularImageView.swift */ = {isa = PBXFileReference; lastKnownFileType = sourcecode.swift; path = CircularImageView.swift; sourceTree = "<group>"; };
		4B4DB1A82582606300AA44B2 /* Sharon Talon.app */ = {isa = PBXFileReference; explicitFileType = wrapper.application; includeInIndex = 0; path = "Sharon Talon.app"; sourceTree = BUILT_PRODUCTS_DIR; };
		4B4DB1AB2582606300AA44B2 /* AppDelegate.swift */ = {isa = PBXFileReference; lastKnownFileType = sourcecode.swift; path = AppDelegate.swift; sourceTree = "<group>"; };
		4B4DB1AD2582606300AA44B2 /* SceneDelegate.swift */ = {isa = PBXFileReference; lastKnownFileType = sourcecode.swift; path = SceneDelegate.swift; sourceTree = "<group>"; };
		4B4DB1AF2582606300AA44B2 /* ViewController.swift */ = {isa = PBXFileReference; lastKnownFileType = sourcecode.swift; path = ViewController.swift; sourceTree = "<group>"; };
		4B4DB1B22582606300AA44B2 /* Base */ = {isa = PBXFileReference; lastKnownFileType = file.storyboard; name = Base; path = Base.lproj/Main.storyboard; sourceTree = "<group>"; };
		4B4DB1B42582606500AA44B2 /* Assets.xcassets */ = {isa = PBXFileReference; lastKnownFileType = folder.assetcatalog; path = Assets.xcassets; sourceTree = "<group>"; };
		4B4DB1B72582606500AA44B2 /* Base */ = {isa = PBXFileReference; lastKnownFileType = file.storyboard; name = Base; path = Base.lproj/LaunchScreen.storyboard; sourceTree = "<group>"; };
		4B4DB1B92582606500AA44B2 /* Info.plist */ = {isa = PBXFileReference; lastKnownFileType = text.plist.xml; path = Info.plist; sourceTree = "<group>"; };
		4B4DB1C12582681E00AA44B2 /* ArticleCell.swift */ = {isa = PBXFileReference; lastKnownFileType = sourcecode.swift; path = ArticleCell.swift; sourceTree = "<group>"; };
		4B4DB1C4258268F900AA44B2 /* Article.swift */ = {isa = PBXFileReference; lastKnownFileType = sourcecode.swift; path = Article.swift; sourceTree = "<group>"; };
		4B4DB1D4258276C200AA44B2 /* ArticlesTableViewController.swift */ = {isa = PBXFileReference; lastKnownFileType = sourcecode.swift; path = ArticlesTableViewController.swift; sourceTree = "<group>"; };
		4B4DB1DB25827B8700AA44B2 /* RssXMLParser.h */ = {isa = PBXFileReference; lastKnownFileType = sourcecode.c.h; path = RssXMLParser.h; sourceTree = "<group>"; };
		4B4DB1E025827BEE00AA44B2 /* Sharon Talon-Bridging-Header.h */ = {isa = PBXFileReference; lastKnownFileType = sourcecode.c.h; path = "Sharon Talon-Bridging-Header.h"; sourceTree = "<group>"; };
		4B4DB1E125827BEE00AA44B2 /* RssXMLParser.m */ = {isa = PBXFileReference; lastKnownFileType = sourcecode.c.objc; path = RssXMLParser.m; sourceTree = "<group>"; };
		4BBECF732582B31D000FA684 /* ArticleViewController.swift */ = {isa = PBXFileReference; lastKnownFileType = sourcecode.swift; path = ArticleViewController.swift; sourceTree = "<group>"; };
		4BFEAFF82584859200D9F2B2 /* SpinnerViewController.swift */ = {isa = PBXFileReference; lastKnownFileType = sourcecode.swift; path = SpinnerViewController.swift; sourceTree = "<group>"; };
		4BFEAFFC2585A45E00D9F2B2 /* cupertino_activity_indicator_large.gif */ = {isa = PBXFileReference; lastKnownFileType = image.gif; path = cupertino_activity_indicator_large.gif; sourceTree = "<group>"; };
		639FF328B7B4E7901F93DCA4 /* Pods_Sharon_Talon.framework */ = {isa = PBXFileReference; explicitFileType = wrapper.framework; includeInIndex = 0; path = Pods_Sharon_Talon.framework; sourceTree = BUILT_PRODUCTS_DIR; };
		E4ED3A8DCC0A94FB14A046C6 /* Pods-Sharon Talon.release.xcconfig */ = {isa = PBXFileReference; includeInIndex = 1; lastKnownFileType = text.xcconfig; name = "Pods-Sharon Talon.release.xcconfig"; path = "Target Support Files/Pods-Sharon Talon/Pods-Sharon Talon.release.xcconfig"; sourceTree = "<group>"; };
/* End PBXFileReference section */

/* Begin PBXFrameworksBuildPhase section */
		4B4DB1A52582606300AA44B2 /* Frameworks */ = {
			isa = PBXFrameworksBuildPhase;
			buildActionMask = 2147483647;
			files = (
				64DEF35CE796959C3409B9E6 /* Pods_Sharon_Talon.framework in Frameworks */,
			);
			runOnlyForDeploymentPostprocessing = 0;
		};
/* End PBXFrameworksBuildPhase section */

/* Begin PBXGroup section */
		4B4DB19F2582606300AA44B2 = {
			isa = PBXGroup;
			children = (
				4B4DB1AA2582606300AA44B2 /* Sharon Talon */,
				4B4DB1A92582606300AA44B2 /* Products */,
				88B0AF98449B14353181B500 /* Pods */,
				526E867444F96A0203CBEDA6 /* Frameworks */,
			);
			sourceTree = "<group>";
		};
		4B4DB1A92582606300AA44B2 /* Products */ = {
			isa = PBXGroup;
			children = (
				4B4DB1A82582606300AA44B2 /* Sharon Talon.app */,
			);
			name = Products;
			sourceTree = "<group>";
		};
		4B4DB1AA2582606300AA44B2 /* Sharon Talon */ = {
			isa = PBXGroup;
			children = (
				4B4DB1AB2582606300AA44B2 /* AppDelegate.swift */,
				4B4DB1AD2582606300AA44B2 /* SceneDelegate.swift */,
				4B4DB1AF2582606300AA44B2 /* ViewController.swift */,
				4B4DB1B12582606300AA44B2 /* Main.storyboard */,
				4B4DB1B42582606500AA44B2 /* Assets.xcassets */,
				4B4DB1B62582606500AA44B2 /* LaunchScreen.storyboard */,
				4B4DB1B92582606500AA44B2 /* Info.plist */,
				4B4DB1C12582681E00AA44B2 /* ArticleCell.swift */,
				4B4DB1C4258268F900AA44B2 /* Article.swift */,
				4B4DB1D4258276C200AA44B2 /* ArticlesTableViewController.swift */,
				4B4DB1DB25827B8700AA44B2 /* RssXMLParser.h */,
				4B4DB1E125827BEE00AA44B2 /* RssXMLParser.m */,
				4B4DB1E025827BEE00AA44B2 /* Sharon Talon-Bridging-Header.h */,
				4BBECF732582B31D000FA684 /* ArticleViewController.swift */,
				4B2339782583BFAB00189E66 /* MainViewController.swift */,
				4B23397B2583C47700189E66 /* MenuManager.swift */,
				4B23397E2583DA5D00189E66 /* BaseCell.xib */,
				4B2339812583E08100189E66 /* BaseViewCell.swift */,
				4B2339982583F04900189E66 /* SHSLogo.png */,
				4BFEAFFC2585A45E00D9F2B2 /* cupertino_activity_indicator_large.gif */,
				4B23398B2583EAFC00189E66 /* images.xcassets */,
				4B23399B2584046C00189E66 /* CircularImageView.swift */,
				4BFEAFF82584859200D9F2B2 /* SpinnerViewController.swift */,
				4B21943A25CF17CB0040309D /* RoundedButton.swift */,
			);
			path = "Sharon Talon";
			sourceTree = "<group>";
		};
		526E867444F96A0203CBEDA6 /* Frameworks */ = {
			isa = PBXGroup;
			children = (
				639FF328B7B4E7901F93DCA4 /* Pods_Sharon_Talon.framework */,
			);
			name = Frameworks;
			sourceTree = "<group>";
		};
		88B0AF98449B14353181B500 /* Pods */ = {
			isa = PBXGroup;
			children = (
				222B3ABAAC803BD65B98501D /* Pods-Sharon Talon.debug.xcconfig */,
				E4ED3A8DCC0A94FB14A046C6 /* Pods-Sharon Talon.release.xcconfig */,
			);
			path = Pods;
			sourceTree = "<group>";
		};
/* End PBXGroup section */

/* Begin PBXNativeTarget section */
		4B4DB1A72582606300AA44B2 /* Sharon Talon */ = {
			isa = PBXNativeTarget;
			buildConfigurationList = 4B4DB1BC2582606500AA44B2 /* Build configuration list for PBXNativeTarget "Sharon Talon" */;
			buildPhases = (
				F10A701D5DD710A884829745 /* [CP] Check Pods Manifest.lock */,
				4B4DB1A42582606300AA44B2 /* Sources */,
				4B4DB1A52582606300AA44B2 /* Frameworks */,
				4B4DB1A62582606300AA44B2 /* Resources */,
				C40653B3A4E9560842A39E83 /* [CP] Embed Pods Frameworks */,
			);
			buildRules = (
			);
			dependencies = (
			);
			name = "Sharon Talon";
			productName = "Sharon Talon";
			productReference = 4B4DB1A82582606300AA44B2 /* Sharon Talon.app */;
			productType = "com.apple.product-type.application";
		};
/* End PBXNativeTarget section */

/* Begin PBXProject section */
		4B4DB1A02582606300AA44B2 /* Project object */ = {
			isa = PBXProject;
			attributes = {
				LastSwiftUpdateCheck = 1220;
				LastUpgradeCheck = 1220;
				TargetAttributes = {
					4B4DB1A72582606300AA44B2 = {
						CreatedOnToolsVersion = 12.2;
						LastSwiftMigration = 1220;
					};
				};
			};
			buildConfigurationList = 4B4DB1A32582606300AA44B2 /* Build configuration list for PBXProject "Sharon Talon" */;
			compatibilityVersion = "Xcode 9.3";
			developmentRegion = en;
			hasScannedForEncodings = 0;
			knownRegions = (
				en,
				Base,
			);
			mainGroup = 4B4DB19F2582606300AA44B2;
			productRefGroup = 4B4DB1A92582606300AA44B2 /* Products */;
			projectDirPath = "";
			projectRoot = "";
			targets = (
				4B4DB1A72582606300AA44B2 /* Sharon Talon */,
			);
		};
/* End PBXProject section */

/* Begin PBXResourcesBuildPhase section */
		4B4DB1A62582606300AA44B2 /* Resources */ = {
			isa = PBXResourcesBuildPhase;
			buildActionMask = 2147483647;
			files = (
				4B23397F2583DA5D00189E66 /* BaseCell.xib in Resources */,
				4B4DB1B82582606500AA44B2 /* LaunchScreen.storyboard in Resources */,
				4B23398C2583EAFC00189E66 /* images.xcassets in Resources */,
				4B2339992583F04900189E66 /* SHSLogo.png in Resources */,
				4BFEAFFD2585A45E00D9F2B2 /* cupertino_activity_indicator_large.gif in Resources */,
				4B4DB1B52582606500AA44B2 /* Assets.xcassets in Resources */,
				4B4DB1B32582606300AA44B2 /* Main.storyboard in Resources */,
			);
			runOnlyForDeploymentPostprocessing = 0;
		};
/* End PBXResourcesBuildPhase section */

/* Begin PBXShellScriptBuildPhase section */
		C40653B3A4E9560842A39E83 /* [CP] Embed Pods Frameworks */ = {
			isa = PBXShellScriptBuildPhase;
			buildActionMask = 2147483647;
			files = (
			);
			inputFileListPaths = (
				"${PODS_ROOT}/Target Support Files/Pods-Sharon Talon/Pods-Sharon Talon-frameworks-${CONFIGURATION}-input-files.xcfilelist",
			);
			name = "[CP] Embed Pods Frameworks";
			outputFileListPaths = (
				"${PODS_ROOT}/Target Support Files/Pods-Sharon Talon/Pods-Sharon Talon-frameworks-${CONFIGURATION}-output-files.xcfilelist",
			);
			runOnlyForDeploymentPostprocessing = 0;
			shellPath = /bin/sh;
			shellScript = "\"${PODS_ROOT}/Target Support Files/Pods-Sharon Talon/Pods-Sharon Talon-frameworks.sh\"\n";
			showEnvVarsInLog = 0;
		};
		F10A701D5DD710A884829745 /* [CP] Check Pods Manifest.lock */ = {
			isa = PBXShellScriptBuildPhase;
			buildActionMask = 2147483647;
			files = (
			);
			inputFileListPaths = (
			);
			inputPaths = (
				"${PODS_PODFILE_DIR_PATH}/Podfile.lock",
				"${PODS_ROOT}/Manifest.lock",
			);
			name = "[CP] Check Pods Manifest.lock";
			outputFileListPaths = (
			);
			outputPaths = (
				"$(DERIVED_FILE_DIR)/Pods-Sharon Talon-checkManifestLockResult.txt",
			);
			runOnlyForDeploymentPostprocessing = 0;
			shellPath = /bin/sh;
			shellScript = "diff \"${PODS_PODFILE_DIR_PATH}/Podfile.lock\" \"${PODS_ROOT}/Manifest.lock\" > /dev/null\nif [ $? != 0 ] ; then\n    # print error to STDERR\n    echo \"error: The sandbox is not in sync with the Podfile.lock. Run 'pod install' or update your CocoaPods installation.\" >&2\n    exit 1\nfi\n# This output is used by Xcode 'outputs' to avoid re-running this script phase.\necho \"SUCCESS\" > \"${SCRIPT_OUTPUT_FILE_0}\"\n";
			showEnvVarsInLog = 0;
		};
/* End PBXShellScriptBuildPhase section */

/* Begin PBXSourcesBuildPhase section */
		4B4DB1A42582606300AA44B2 /* Sources */ = {
			isa = PBXSourcesBuildPhase;
			buildActionMask = 2147483647;
			files = (
				4B23397C2583C47700189E66 /* MenuManager.swift in Sources */,
				4B23399C2584046D00189E66 /* CircularImageView.swift in Sources */,
				4B4DB1D5258276C200AA44B2 /* ArticlesTableViewController.swift in Sources */,
				4BFEAFF92584859200D9F2B2 /* SpinnerViewController.swift in Sources */,
				4BBECF742582B31D000FA684 /* ArticleViewController.swift in Sources */,
				4B4DB1C22582681E00AA44B2 /* ArticleCell.swift in Sources */,
				4B2339822583E08100189E66 /* BaseViewCell.swift in Sources */,
				4B4DB1E225827BEE00AA44B2 /* RssXMLParser.m in Sources */,
				4B4DB1B02582606300AA44B2 /* ViewController.swift in Sources */,
				4B4DB1AC2582606300AA44B2 /* AppDelegate.swift in Sources */,
				4B2339792583BFAB00189E66 /* MainViewController.swift in Sources */,
				4B21943B25CF17CB0040309D /* RoundedButton.swift in Sources */,
				4B4DB1AE2582606300AA44B2 /* SceneDelegate.swift in Sources */,
				4B4DB1C5258268F900AA44B2 /* Article.swift in Sources */,
			);
			runOnlyForDeploymentPostprocessing = 0;
		};
/* End PBXSourcesBuildPhase section */

/* Begin PBXVariantGroup section */
		4B4DB1B12582606300AA44B2 /* Main.storyboard */ = {
			isa = PBXVariantGroup;
			children = (
				4B4DB1B22582606300AA44B2 /* Base */,
			);
			name = Main.storyboard;
			sourceTree = "<group>";
		};
		4B4DB1B62582606500AA44B2 /* LaunchScreen.storyboard */ = {
			isa = PBXVariantGroup;
			children = (
				4B4DB1B72582606500AA44B2 /* Base */,
			);
			name = LaunchScreen.storyboard;
			sourceTree = "<group>";
		};
/* End PBXVariantGroup section */

/* Begin XCBuildConfiguration section */
		4B4DB1BA2582606500AA44B2 /* Debug */ = {
			isa = XCBuildConfiguration;
			buildSettings = {
				ALWAYS_SEARCH_USER_PATHS = NO;
				CLANG_ANALYZER_NONNULL = YES;
				CLANG_ANALYZER_NUMBER_OBJECT_CONVERSION = YES_AGGRESSIVE;
				CLANG_CXX_LANGUAGE_STANDARD = "gnu++14";
				CLANG_CXX_LIBRARY = "libc++";
				CLANG_ENABLE_MODULES = YES;
				CLANG_ENABLE_OBJC_ARC = YES;
				CLANG_ENABLE_OBJC_WEAK = YES;
				CLANG_WARN_BLOCK_CAPTURE_AUTORELEASING = YES;
				CLANG_WARN_BOOL_CONVERSION = YES;
				CLANG_WARN_COMMA = YES;
				CLANG_WARN_CONSTANT_CONVERSION = YES;
				CLANG_WARN_DEPRECATED_OBJC_IMPLEMENTATIONS = YES;
				CLANG_WARN_DIRECT_OBJC_ISA_USAGE = YES_ERROR;
				CLANG_WARN_DOCUMENTATION_COMMENTS = YES;
				CLANG_WARN_EMPTY_BODY = YES;
				CLANG_WARN_ENUM_CONVERSION = YES;
				CLANG_WARN_INFINITE_RECURSION = YES;
				CLANG_WARN_INT_CONVERSION = YES;
				CLANG_WARN_NON_LITERAL_NULL_CONVERSION = YES;
				CLANG_WARN_OBJC_IMPLICIT_RETAIN_SELF = YES;
				CLANG_WARN_OBJC_LITERAL_CONVERSION = YES;
				CLANG_WARN_OBJC_ROOT_CLASS = YES_ERROR;
				CLANG_WARN_QUOTED_INCLUDE_IN_FRAMEWORK_HEADER = YES;
				CLANG_WARN_RANGE_LOOP_ANALYSIS = YES;
				CLANG_WARN_STRICT_PROTOTYPES = YES;
				CLANG_WARN_SUSPICIOUS_MOVE = YES;
				CLANG_WARN_UNGUARDED_AVAILABILITY = YES_AGGRESSIVE;
				CLANG_WARN_UNREACHABLE_CODE = YES;
				CLANG_WARN__DUPLICATE_METHOD_MATCH = YES;
				COPY_PHASE_STRIP = NO;
				DEBUG_INFORMATION_FORMAT = dwarf;
				ENABLE_STRICT_OBJC_MSGSEND = YES;
				ENABLE_TESTABILITY = YES;
				GCC_C_LANGUAGE_STANDARD = gnu11;
				GCC_DYNAMIC_NO_PIC = NO;
				GCC_NO_COMMON_BLOCKS = YES;
				GCC_OPTIMIZATION_LEVEL = 0;
				GCC_PREPROCESSOR_DEFINITIONS = (
					"DEBUG=1",
					"$(inherited)",
				);
				GCC_WARN_64_TO_32_BIT_CONVERSION = YES;
				GCC_WARN_ABOUT_RETURN_TYPE = YES_ERROR;
				GCC_WARN_UNDECLARED_SELECTOR = YES;
				GCC_WARN_UNINITIALIZED_AUTOS = YES_AGGRESSIVE;
				GCC_WARN_UNUSED_FUNCTION = YES;
				GCC_WARN_UNUSED_VARIABLE = YES;
				IPHONEOS_DEPLOYMENT_TARGET = 14.2;
				MTL_ENABLE_DEBUG_INFO = INCLUDE_SOURCE;
				MTL_FAST_MATH = YES;
				ONLY_ACTIVE_ARCH = YES;
				SDKROOT = iphoneos;
				SWIFT_ACTIVE_COMPILATION_CONDITIONS = DEBUG;
				SWIFT_OPTIMIZATION_LEVEL = "-Onone";
			};
			name = Debug;
		};
		4B4DB1BB2582606500AA44B2 /* Release */ = {
			isa = XCBuildConfiguration;
			buildSettings = {
				ALWAYS_SEARCH_USER_PATHS = NO;
				CLANG_ANALYZER_NONNULL = YES;
				CLANG_ANALYZER_NUMBER_OBJECT_CONVERSION = YES_AGGRESSIVE;
				CLANG_CXX_LANGUAGE_STANDARD = "gnu++14";
				CLANG_CXX_LIBRARY = "libc++";
				CLANG_ENABLE_MODULES = YES;
				CLANG_ENABLE_OBJC_ARC = YES;
				CLANG_ENABLE_OBJC_WEAK = YES;
				CLANG_WARN_BLOCK_CAPTURE_AUTORELEASING = YES;
				CLANG_WARN_BOOL_CONVERSION = YES;
				CLANG_WARN_COMMA = YES;
				CLANG_WARN_CONSTANT_CONVERSION = YES;
				CLANG_WARN_DEPRECATED_OBJC_IMPLEMENTATIONS = YES;
				CLANG_WARN_DIRECT_OBJC_ISA_USAGE = YES_ERROR;
				CLANG_WARN_DOCUMENTATION_COMMENTS = YES;
				CLANG_WARN_EMPTY_BODY = YES;
				CLANG_WARN_ENUM_CONVERSION = YES;
				CLANG_WARN_INFINITE_RECURSION = YES;
				CLANG_WARN_INT_CONVERSION = YES;
				CLANG_WARN_NON_LITERAL_NULL_CONVERSION = YES;
				CLANG_WARN_OBJC_IMPLICIT_RETAIN_SELF = YES;
				CLANG_WARN_OBJC_LITERAL_CONVERSION = YES;
				CLANG_WARN_OBJC_ROOT_CLASS = YES_ERROR;
				CLANG_WARN_QUOTED_INCLUDE_IN_FRAMEWORK_HEADER = YES;
				CLANG_WARN_RANGE_LOOP_ANALYSIS = YES;
				CLANG_WARN_STRICT_PROTOTYPES = YES;
				CLANG_WARN_SUSPICIOUS_MOVE = YES;
				CLANG_WARN_UNGUARDED_AVAILABILITY = YES_AGGRESSIVE;
				CLANG_WARN_UNREACHABLE_CODE = YES;
				CLANG_WARN__DUPLICATE_METHOD_MATCH = YES;
				COPY_PHASE_STRIP = NO;
				DEBUG_INFORMATION_FORMAT = "dwarf-with-dsym";
				ENABLE_NS_ASSERTIONS = NO;
				ENABLE_STRICT_OBJC_MSGSEND = YES;
				GCC_C_LANGUAGE_STANDARD = gnu11;
				GCC_NO_COMMON_BLOCKS = YES;
				GCC_WARN_64_TO_32_BIT_CONVERSION = YES;
				GCC_WARN_ABOUT_RETURN_TYPE = YES_ERROR;
				GCC_WARN_UNDECLARED_SELECTOR = YES;
				GCC_WARN_UNINITIALIZED_AUTOS = YES_AGGRESSIVE;
				GCC_WARN_UNUSED_FUNCTION = YES;
				GCC_WARN_UNUSED_VARIABLE = YES;
				IPHONEOS_DEPLOYMENT_TARGET = 14.2;
				MTL_ENABLE_DEBUG_INFO = NO;
				MTL_FAST_MATH = YES;
				SDKROOT = iphoneos;
				SWIFT_COMPILATION_MODE = wholemodule;
				SWIFT_OPTIMIZATION_LEVEL = "-O";
				VALIDATE_PRODUCT = YES;
			};
			name = Release;
		};
		4B4DB1BD2582606500AA44B2 /* Debug */ = {
			isa = XCBuildConfiguration;
			baseConfigurationReference = 222B3ABAAC803BD65B98501D /* Pods-Sharon Talon.debug.xcconfig */;
			buildSettings = {
				ASSETCATALOG_COMPILER_APPICON_NAME = AppIcon;
				ASSETCATALOG_COMPILER_GLOBAL_ACCENT_COLOR_NAME = AccentColor;
				CLANG_ENABLE_MODULES = YES;
				CODE_SIGN_STYLE = Automatic;
				CURRENT_PROJECT_VERSION = 1;
				DEVELOPMENT_TEAM = 7V5KN77GPC;
				INFOPLIST_FILE = "Sharon Talon/Info.plist";
				LD_RUNPATH_SEARCH_PATHS = (
					"$(inherited)",
					"@executable_path/Frameworks",
				);
				MARKETING_VERSION = 1.4;
				PRODUCT_BUNDLE_IDENTIFIER = us.com.adasari.TheSharonTalon;
				PRODUCT_NAME = "$(TARGET_NAME)";
				SWIFT_OBJC_BRIDGING_HEADER = "Sharon Talon/Sharon Talon-Bridging-Header.h";
				SWIFT_OPTIMIZATION_LEVEL = "-Onone";
				SWIFT_VERSION = 5.0;
				TARGETED_DEVICE_FAMILY = 1;
			};
			name = Debug;
		};
		4B4DB1BE2582606500AA44B2 /* Release */ = {
			isa = XCBuildConfiguration;
			baseConfigurationReference = E4ED3A8DCC0A94FB14A046C6 /* Pods-Sharon Talon.release.xcconfig */;
			buildSettings = {
				ASSETCATALOG_COMPILER_APPICON_NAME = AppIcon;
				ASSETCATALOG_COMPILER_GLOBAL_ACCENT_COLOR_NAME = AccentColor;
				CLANG_ENABLE_MODULES = YES;
				CODE_SIGN_STYLE = Automatic;
				CURRENT_PROJECT_VERSION = 1;
				DEVELOPMENT_TEAM = 7V5KN77GPC;
				INFOPLIST_FILE = "Sharon Talon/Info.plist";
				LD_RUNPATH_SEARCH_PATHS = (
					"$(inherited)",
					"@executable_path/Frameworks",
				);
				MARKETING_VERSION = 1.4;
				PRODUCT_BUNDLE_IDENTIFIER = us.com.adasari.TheSharonTalon;
				PRODUCT_NAME = "$(TARGET_NAME)";
				SWIFT_OBJC_BRIDGING_HEADER = "Sharon Talon/Sharon Talon-Bridging-Header.h";
				SWIFT_VERSION = 5.0;
				TARGETED_DEVICE_FAMILY = 1;
			};
			name = Release;
		};
/* End XCBuildConfiguration section */

/* Begin XCConfigurationList section */
		4B4DB1A32582606300AA44B2 /* Build configuration list for PBXProject "Sharon Talon" */ = {
			isa = XCConfigurationList;
			buildConfigurations = (
				4B4DB1BA2582606500AA44B2 /* Debug */,
				4B4DB1BB2582606500AA44B2 /* Release */,
			);
			defaultConfigurationIsVisible = 0;
			defaultConfigurationName = Release;
		};
		4B4DB1BC2582606500AA44B2 /* Build configuration list for PBXNativeTarget "Sharon Talon" */ = {
			isa = XCConfigurationList;
			buildConfigurations = (
				4B4DB1BD2582606500AA44B2 /* Debug */,
				4B4DB1BE2582606500AA44B2 /* Release */,
			);
			defaultConfigurationIsVisible = 0;
			defaultConfigurationName = Release;
		};
/* End XCConfigurationList section */
	};
	rootObject = 4B4DB1A02582606300AA44B2 /* Project object */;
}
